
Microsoft Visual Studio Solution File, Format Version 12.00
# Visual Studio Version 16
VisualStudioVersion = 16.0.30320.27
MinimumVisualStudioVersion = 10.0.40219.1
Project("{FAE04EC0-301F-11D3-BF4B-00C04F79EFBC}") = "PersonList", "PersonList\PersonList.csproj", "{183103D4-C510-44A2-BAFC-5020A8CA6C4C}"
EndProject
Global
	GlobalSection(SolutionConfigurationPlatforms) = preSolution
		Debug|Any CPU = Debug|Any CPU
		Release|Any CPU = Release|Any CPU
	EndGlobalSection
	GlobalSection(ProjectConfigurationPlatforms) = postSolution
		{183103D4-C510-44A2-BAFC-5020A8CA6C4C}.Debug|Any CPU.ActiveCfg = Debug|Any CPU
		{183103D4-C510-44A2-BAFC-5020A8CA6C4C}.Debug|Any CPU.Build.0 = Debug|Any CPU
		{183103D4-C510-44A2-BAFC-5020A8CA6C4C}.Release|Any CPU.ActiveCfg = Release|Any CPU
		{183103D4-C510-44A2-BAFC-5020A8CA6C4C}.Release|Any CPU.Build.0 = Release|Any CPU
	EndGlobalSection
	GlobalSection(SolutionProperties) = preSolution
		HideSolutionNode = FALSE
	EndGlobalSection
	GlobalSection(ExtensibilityGlobals) = postSolution
		SolutionGuid = {682F2C7B-4221-47A4-8115-46EA1C39D20D}
	EndGlobalSection
EndGlobal
